dependencies:
- name: abidibank-common
  repository: file://../../abidibank-common
  version: 0.1.0
- name: configserver
  repository: file://../../abidibank-services/configserver
  version: 0.1.0
- name: eurekaserver
  repository: file://../../abidibank-services/eurekaserver
  version: 0.1.0
- name: accounts
  repository: file://../../abidibank-services/accounts
  version: 0.1.0
- name: cards
  repository: file://../../abidibank-services/cards
  version: 0.1.0
- name: loans
  repository: file://../../abidibank-services/loans
  version: 0.1.0
- name: gatewayserver
  repository: file://../../abidibank-services/gatewayserver
  version: 0.1.0
- name: message
  repository: file://../../abidibank-services/message
  version: 0.1.0
digest: sha256:5ef5ef11be2008c292ae77d51c84765b7c5f69a73720b760dc7e4c119ec8dcd0
generated: "2024-12-21T17:21:58.555115+01:00"
